
Microsoft Visual Studio Solution File, Format Version 12.00
# Visual Studio Version 16
VisualStudioVersion = 16.0.31205.134
MinimumVisualStudioVersion = 10.0.40219.1
Project("{FAE04EC0-301F-11D3-BF4B-00C04F79EFBC}") = "IsmmDownloader", "IsmmDownloader\IsmmDownloader.csproj", "{3696C789-739B-4FDE-B2CA-654813A13921}"
EndProject
Global
	GlobalSection(SolutionConfigurationPlatforms) = preSolution
		Debug|Any CPU = Debug|Any CPU
		Release|Any CPU = Release|Any CPU
	EndGlobalSection
	GlobalSection(ProjectConfigurationPlatforms) = postSolution
		{3696C789-739B-4FDE-B2CA-654813A13921}.Debug|Any CPU.ActiveCfg = Debug|Any CPU
		{3696C789-739B-4FDE-B2CA-654813A13921}.Debug|Any CPU.Build.0 = Debug|Any CPU
		{3696C789-739B-4FDE-B2CA-654813A13921}.Release|Any CPU.ActiveCfg = Release|Any CPU
		{3696C789-739B-4FDE-B2CA-654813A13921}.Release|Any CPU.Build.0 = Release|Any CPU
	EndGlobalSection
	GlobalSection(SolutionProperties) = preSolution
		HideSolutionNode = FALSE
	EndGlobalSection
	GlobalSection(ExtensibilityGlobals) = postSolution
		SolutionGuid = {F2DC6BDA-DA92-4181-8C63-F12B1D61D4C8}
	EndGlobalSection
EndGlobal
